<?xml version="1.0" encoding="utf-8"?>
<Project ToolsVersion="4.0" xmlns="http://schemas.microsoft.com/developer/msbuild/2003">
  <ItemGroup>
    <Filter Include="Source Files">
      <UniqueIdentifier>{4FC737F1-C7A5-4376-A066-2A32D752A2FF}</UniqueIdentifier>
      <Extensions>cpp;c;cc;cxx;def;odl;idl;hpj;bat;asm;asmx</Extensions>
    </Filter>
    <Filter Include="Header Files">
      <UniqueIdentifier>{93995380-89BD-4b04-88EB-625FBE52EBFB}</UniqueIdentifier>
      <Extensions>h;hh;hpp;hxx;hm;inl;inc;ipp;xsd</Extensions>
    </Filter>
    <Filter Include="Resource Files">
      <UniqueIdentifier>{67DA6AB6-F800-4c08-8B7A-83BB121AAD01}</UniqueIdentifier>
      <Extensions>rc;ico;cur;bmp;dlg;rc2;rct;bin;rgs;gif;jpg;jpeg;jpe;resx;tiff;tif;png;wav;mfcribbon-ms</Extensions>
    </Filter>
    <Filter Include="dynamixel">
      <UniqueIdentifier>{5650fb0a-3a5c-4ae5-9ed3-27745a32dd19}</UniqueIdentifier>
    </Filter>
  </ItemGroup>
  <ItemGroup>
    <ClCompile Include="PTZControl\PTZControl.cpp">
      <Filter>Source Files</Filter>
    </ClCompile>
    <ClCompile Include="dynamixel\src\dynamixel_sdk_windows\port_handler_windows.cpp">
      <Filter>dynamixel</Filter>
    </ClCompile>
    <ClCompile Include="PTZControl\main.cpp">
      <Filter>Source Files</Filter>
    </ClCompile>
    <ClCompile Include="dynamixel\src\dynamixel_sdk\group_bulk_read.cpp">
      <Filter>dynamixel</Filter>
    </ClCompile>
    <ClCompile Include="dynamixel\src\dynamixel_sdk\group_bulk_write.cpp">
      <Filter>dynamixel</Filter>
    </ClCompile>
    <ClCompile Include="dynamixel\src\dynamixel_sdk\group_sync_read.cpp">
      <Filter>dynamixel</Filter>
    </ClCompile>
    <ClCompile Include="dynamixel\src\dynamixel_sdk\group_sync_write.cpp">
      <Filter>dynamixel</Filter>
    </ClCompile>
    <ClCompile Include="dynamixel\src\dynamixel_sdk\packet_handler.cpp">
      <Filter>dynamixel</Filter>
    </ClCompile>
    <ClCompile Include="dynamixel\src\dynamixel_sdk\port_handler.cpp">
      <Filter>dynamixel</Filter>
    </ClCompile>
    <ClCompile Include="dynamixel\src\dynamixel_sdk\protocol1_packet_handler.cpp">
      <Filter>dynamixel</Filter>
    </ClCompile>
    <ClCompile Include="dynamixel\src\dynamixel_sdk\protocol2_packet_handler.cpp">
      <Filter>dynamixel</Filter>
    </ClCompile>
  </ItemGroup>
  <ItemGroup>
    <ClInclude Include="PTZControl\PTZControl.h">
      <Filter>Source Files</Filter>
    </ClInclude>
  </ItemGroup>
</Project>